
Microsoft Visual Studio Solution File, Format Version 12.00
Project("{FAE04EC0-301F-11D3-BF4B-00C04F79EFBC}") = "LekkoApp.MVC", "LekkoApp.MVC\LekkoApp.MVC.csproj", "{2620EF87-17A2-45D8-A65F-87F969DAD641}"
EndProject
Project("{FAE04EC0-301F-11D3-BF4B-00C04F79EFBC}") = "LekkoApp.API", "LekkoApp.API\LekkoApp.API.csproj", "{EFB070FA-1C33-45D6-813D-B2B0D2A19B6A}"
EndProject
Project("{FAE04EC0-301F-11D3-BF4B-00C04F79EFBC}") = "LekkoApp.Core", "LekkoApp.Core\LekkoApp.Core.csproj", "{214AAC5E-FB5F-468A-9DF7-301589936CF1}"
EndProject
Project("{FAE04EC0-301F-11D3-BF4B-00C04F79EFBC}") = "LekkoApp.Tests", "LekkoApp.Tests\LekkoApp.Tests.csproj", "{202B34CF-FF7C-4691-9AD9-6662288EF0FE}"
EndProject
Global
	GlobalSection(SolutionConfigurationPlatforms) = preSolution
		Debug|Any CPU = Debug|Any CPU
		Release|Any CPU = Release|Any CPU
	EndGlobalSection
	GlobalSection(ProjectConfigurationPlatforms) = postSolution
		{2620EF87-17A2-45D8-A65F-87F969DAD641}.Debug|Any CPU.ActiveCfg = Debug|Any CPU
		{2620EF87-17A2-45D8-A65F-87F969DAD641}.Debug|Any CPU.Build.0 = Debug|Any CPU
		{2620EF87-17A2-45D8-A65F-87F969DAD641}.Release|Any CPU.ActiveCfg = Release|Any CPU
		{2620EF87-17A2-45D8-A65F-87F969DAD641}.Release|Any CPU.Build.0 = Release|Any CPU
		{EFB070FA-1C33-45D6-813D-B2B0D2A19B6A}.Debug|Any CPU.ActiveCfg = Debug|Any CPU
		{EFB070FA-1C33-45D6-813D-B2B0D2A19B6A}.Debug|Any CPU.Build.0 = Debug|Any CPU
		{EFB070FA-1C33-45D6-813D-B2B0D2A19B6A}.Release|Any CPU.ActiveCfg = Release|Any CPU
		{EFB070FA-1C33-45D6-813D-B2B0D2A19B6A}.Release|Any CPU.Build.0 = Release|Any CPU
		{214AAC5E-FB5F-468A-9DF7-301589936CF1}.Debug|Any CPU.ActiveCfg = Debug|Any CPU
		{214AAC5E-FB5F-468A-9DF7-301589936CF1}.Debug|Any CPU.Build.0 = Debug|Any CPU
		{214AAC5E-FB5F-468A-9DF7-301589936CF1}.Release|Any CPU.ActiveCfg = Release|Any CPU
		{214AAC5E-FB5F-468A-9DF7-301589936CF1}.Release|Any CPU.Build.0 = Release|Any CPU
		{202B34CF-FF7C-4691-9AD9-6662288EF0FE}.Debug|Any CPU.ActiveCfg = Debug|Any CPU
		{202B34CF-FF7C-4691-9AD9-6662288EF0FE}.Debug|Any CPU.Build.0 = Debug|Any CPU
		{202B34CF-FF7C-4691-9AD9-6662288EF0FE}.Release|Any CPU.ActiveCfg = Release|Any CPU
		{202B34CF-FF7C-4691-9AD9-6662288EF0FE}.Release|Any CPU.Build.0 = Release|Any CPU
	EndGlobalSection
EndGlobal
